// !$*UTF8*$!
{
	archiveVersion = 1;
	classes = {
	};
	objectVersion = 46;
	objects = {

/* Begin PBXBuildFile section */
		154B30EA1F7CC6B800DDD98D /* DemoAnnotation.swift in Sources */ = {isa = PBXBuildFile; fileRef = 154B30E91F7CC6B800DDD98D /* DemoAnnotation.swift */; };
		154B30FC1F7CD4E200DDD98D /* DemoAnnotationView.swift in Sources */ = {isa = PBXBuildFile; fileRef = 154B30FB1F7CD4E200DDD98D /* DemoAnnotationView.swift */; };
		154B30FE1F7CD5B700DDD98D /* UIView+Extensions.swift in Sources */ = {isa = PBXBuildFile; fileRef = 154B30FD1F7CD5B700DDD98D /* UIView+Extensions.swift */; };
		154B31051F7CD84F00DDD98D /* AppDelegate.swift in Sources */ = {isa = PBXBuildFile; fileRef = 154B31041F7CD84F00DDD98D /* AppDelegate.swift */; };
		154B31071F7CD88300DDD98D /* LaunchScreen.storyboard in Resources */ = {isa = PBXBuildFile; fileRef = 154B31061F7CD88300DDD98D /* LaunchScreen.storyboard */; };
		154B31091F7CDBC000DDD98D /* Main.storyboard in Resources */ = {isa = PBXBuildFile; fileRef = 154B31081F7CDBC000DDD98D /* Main.storyboard */; };
		154B310B1F7CF0B500DDD98D /* RootViewController.swift in Sources */ = {isa = PBXBuildFile; fileRef = 154B310A1F7CF0B500DDD98D /* RootViewController.swift */; };
		8809DC4D14D8E44A0003B4C6 /* tiles in Resources */ = {isa = PBXBuildFile; fileRef = 8809DC4C14D8E44A0003B4C6 /* tiles */; };
		8809DC5214D8E8560003B4C6 /* QuartzCore.framework in Frameworks */ = {isa = PBXBuildFile; fileRef = 8809DC5114D8E8560003B4C6 /* QuartzCore.framework */; };
		88197C101558C251005EF22F /* marker-red.png in Resources */ = {isa = PBXBuildFile; fileRef = 88197C0F1558C251005EF22F /* marker-red.png */; };
		8847303317294A4600FE980B /* libJCTiledScrollView.a in Frameworks */ = {isa = PBXBuildFile; fileRef = 88AFB16915DF56F5003BD3AB /* libJCTiledScrollView.a */; };
		887EE94614D8DC2D00AB0A92 /* UIKit.framework in Frameworks */ = {isa = PBXBuildFile; fileRef = 887EE94514D8DC2D00AB0A92 /* UIKit.framework */; };
		887EE94814D8DC2D00AB0A92 /* Foundation.framework in Frameworks */ = {isa = PBXBuildFile; fileRef = 887EE94714D8DC2D00AB0A92 /* Foundation.framework */; };
		887EE94A14D8DC2D00AB0A92 /* CoreGraphics.framework in Frameworks */ = {isa = PBXBuildFile; fileRef = 887EE94914D8DC2D00AB0A92 /* CoreGraphics.framework */; };
		887EE95014D8DC2D00AB0A92 /* InfoPlist.strings in Resources */ = {isa = PBXBuildFile; fileRef = 887EE94E14D8DC2D00AB0A92 /* InfoPlist.strings */; };
		888630DE172938C600F8E5D4 /* Default-568h@2x.png in Resources */ = {isa = PBXBuildFile; fileRef = 888630DD172938C600F8E5D4 /* Default-568h@2x.png */; };
		88CD1A3A14E2007F00B54AF0 /* Icon-72.png in Resources */ = {isa = PBXBuildFile; fileRef = 88CD1A3714E2007F00B54AF0 /* Icon-72.png */; };
		88CD1A3B14E2007F00B54AF0 /* Icon.png in Resources */ = {isa = PBXBuildFile; fileRef = 88CD1A3814E2007F00B54AF0 /* Icon.png */; };
		88CD1A3C14E2007F00B54AF0 /* Icon@2x.png in Resources */ = {isa = PBXBuildFile; fileRef = 88CD1A3914E2007F00B54AF0 /* Icon@2x.png */; };
		88DCC88314F3BEF800B206F5 /* Map.pdf in Resources */ = {isa = PBXBuildFile; fileRef = 88DCC88214F3BEF800B206F5 /* Map.pdf */; };
/* End PBXBuildFile section */

/* Begin PBXContainerItemProxy section */
		88AFB19E15DF75F3003BD3AB /* PBXContainerItemProxy */ = {
			isa = PBXContainerItemProxy;
			containerPortal = 88AFB19A15DF75F2003BD3AB /* JCTiledScrollView.xcodeproj */;
			proxyType = 2;
			remoteGlobalIDString = 88BCDD8C15C4E13900E6515A;
			remoteInfo = JCTiledScrollView;
		};
		88AFB1A015DF75FD003BD3AB /* PBXContainerItemProxy */ = {
			isa = PBXContainerItemProxy;
			containerPortal = 88AFB19A15DF75F2003BD3AB /* JCTiledScrollView.xcodeproj */;
			proxyType = 1;
			remoteGlobalIDString = 88BCDD8B15C4E13900E6515A;
			remoteInfo = JCTiledScrollView;
		};
/* End PBXContainerItemProxy section */

/* Begin PBXFileReference section */
		154B30E91F7CC6B800DDD98D /* DemoAnnotation.swift */ = {isa = PBXFileReference; lastKnownFileType = sourcecode.swift; path = DemoAnnotation.swift; sourceTree = "<group>"; };
		154B30FB1F7CD4E200DDD98D /* DemoAnnotationView.swift */ = {isa = PBXFileReference; lastKnownFileType = sourcecode.swift; path = DemoAnnotationView.swift; sourceTree = "<group>"; };
		154B30FD1F7CD5B700DDD98D /* UIView+Extensions.swift */ = {isa = PBXFileReference; lastKnownFileType = sourcecode.swift; path = "UIView+Extensions.swift"; sourceTree = "<group>"; };
		154B31041F7CD84F00DDD98D /* AppDelegate.swift */ = {isa = PBXFileReference; lastKnownFileType = sourcecode.swift; path = AppDelegate.swift; sourceTree = "<group>"; };
		154B31061F7CD88300DDD98D /* LaunchScreen.storyboard */ = {isa = PBXFileReference; lastKnownFileType = file.storyboard; path = LaunchScreen.storyboard; sourceTree = "<group>"; };
		154B31081F7CDBC000DDD98D /* Main.storyboard */ = {isa = PBXFileReference; lastKnownFileType = file.storyboard; path = Main.storyboard; sourceTree = "<group>"; };
		154B310A1F7CF0B500DDD98D /* RootViewController.swift */ = {isa = PBXFileReference; lastKnownFileType = sourcecode.swift; path = RootViewController.swift; sourceTree = "<group>"; };
		8809DC4C14D8E44A0003B4C6 /* tiles */ = {isa = PBXFileReference; lastKnownFileType = folder; name = tiles; path = ../tiles; sourceTree = "<group>"; };
		8809DC5114D8E8560003B4C6 /* QuartzCore.framework */ = {isa = PBXFileReference; lastKnownFileType = wrapper.framework; name = QuartzCore.framework; path = System/Library/Frameworks/QuartzCore.framework; sourceTree = SDKROOT; };
		88197C0F1558C251005EF22F /* marker-red.png */ = {isa = PBXFileReference; lastKnownFileType = image.png; path = "marker-red.png"; sourceTree = "<group>"; };
		887EE94114D8DC2D00AB0A92 /* JCTiledViewDemo.app */ = {isa = PBXFileReference; explicitFileType = wrapper.application; includeInIndex = 0; path = JCTiledViewDemo.app; sourceTree = BUILT_PRODUCTS_DIR; };
		887EE94514D8DC2D00AB0A92 /* UIKit.framework */ = {isa = PBXFileReference; lastKnownFileType = wrapper.framework; name = UIKit.framework; path = System/Library/Frameworks/UIKit.framework; sourceTree = SDKROOT; };
		887EE94714D8DC2D00AB0A92 /* Foundation.framework */ = {isa = PBXFileReference; lastKnownFileType = wrapper.framework; name = Foundation.framework; path = System/Library/Frameworks/Foundation.framework; sourceTree = SDKROOT; };
		887EE94914D8DC2D00AB0A92 /* CoreGraphics.framework */ = {isa = PBXFileReference; lastKnownFileType = wrapper.framework; name = CoreGraphics.framework; path = System/Library/Frameworks/CoreGraphics.framework; sourceTree = SDKROOT; };
		887EE94D14D8DC2D00AB0A92 /* JCTiledViewDemo-Info.plist */ = {isa = PBXFileReference; lastKnownFileType = text.plist.xml; path = "JCTiledViewDemo-Info.plist"; sourceTree = "<group>"; };
		887EE94F14D8DC2D00AB0A92 /* en */ = {isa = PBXFileReference; lastKnownFileType = text.plist.strings; name = en; path = en.lproj/InfoPlist.strings; sourceTree = "<group>"; };
		887EE95314D8DC2D00AB0A92 /* JCTiledViewDemo-Prefix.pch */ = {isa = PBXFileReference; lastKnownFileType = sourcecode.c.h; path = "JCTiledViewDemo-Prefix.pch"; sourceTree = "<group>"; };
		888630DD172938C600F8E5D4 /* Default-568h@2x.png */ = {isa = PBXFileReference; lastKnownFileType = image.png; name = "Default-568h@2x.png"; path = "../Default-568h@2x.png"; sourceTree = "<group>"; };
		88AFB16915DF56F5003BD3AB /* libJCTiledScrollView.a */ = {isa = PBXFileReference; lastKnownFileType = archive.ar; name = libJCTiledScrollView.a; path = "../JCTiledScrollView/build/Release-iphoneos/libJCTiledScrollView.a"; sourceTree = "<group>"; };
		88AFB19A15DF75F2003BD3AB /* JCTiledScrollView.xcodeproj */ = {isa = PBXFileReference; lastKnownFileType = "wrapper.pb-project"; name = JCTiledScrollView.xcodeproj; path = ../JCTiledScrollView/JCTiledScrollView.xcodeproj; sourceTree = "<group>"; };
		88C19C7F150C4D6E007184E6 /* README.md */ = {isa = PBXFileReference; fileEncoding = 4; lastKnownFileType = text; name = README.md; path = ../README.md; sourceTree = "<group>"; };
		88CD1A3714E2007F00B54AF0 /* Icon-72.png */ = {isa = PBXFileReference; lastKnownFileType = image.png; path = "Icon-72.png"; sourceTree = "<group>"; };
		88CD1A3814E2007F00B54AF0 /* Icon.png */ = {isa = PBXFileReference; lastKnownFileType = image.png; path = Icon.png; sourceTree = "<group>"; };
		88CD1A3914E2007F00B54AF0 /* Icon@2x.png */ = {isa = PBXFileReference; lastKnownFileType = image.png; path = "Icon@2x.png"; sourceTree = "<group>"; };
		88DCC88214F3BEF800B206F5 /* Map.pdf */ = {isa = PBXFileReference; lastKnownFileType = image.pdf; name = Map.pdf; path = ../Map.pdf; sourceTree = "<group>"; };
/* End PBXFileReference section */

/* Begin PBXFrameworksBuildPhase section */
		887EE93E14D8DC2D00AB0A92 /* Frameworks */ = {
			isa = PBXFrameworksBuildPhase;
			buildActionMask = 2147483647;
			files = (
				8847303317294A4600FE980B /* libJCTiledScrollView.a in Frameworks */,
				8809DC5214D8E8560003B4C6 /* QuartzCore.framework in Frameworks */,
				887EE94614D8DC2D00AB0A92 /* UIKit.framework in Frameworks */,
				887EE94814D8DC2D00AB0A92 /* Foundation.framework in Frameworks */,
				887EE94A14D8DC2D00AB0A92 /* CoreGraphics.framework in Frameworks */,
			);
			runOnlyForDeploymentPostprocessing = 0;
		};
/* End PBXFrameworksBuildPhase section */

/* Begin PBXGroup section */
		887EE93614D8DC2D00AB0A92 = {
			isa = PBXGroup;
			children = (
				88C19C7F150C4D6E007184E6 /* README.md */,
				887EE94B14D8DC2D00AB0A92 /* JCTiledViewDemo */,
				88AFB19A15DF75F2003BD3AB /* JCTiledScrollView.xcodeproj */,
				887EE94414D8DC2D00AB0A92 /* Frameworks */,
				887EE94214D8DC2D00AB0A92 /* Products */,
			);
			sourceTree = "<group>";
		};
		887EE94214D8DC2D00AB0A92 /* Products */ = {
			isa = PBXGroup;
			children = (
				887EE94114D8DC2D00AB0A92 /* JCTiledViewDemo.app */,
			);
			name = Products;
			sourceTree = "<group>";
		};
		887EE94414D8DC2D00AB0A92 /* Frameworks */ = {
			isa = PBXGroup;
			children = (
				88AFB16915DF56F5003BD3AB /* libJCTiledScrollView.a */,
				8809DC5114D8E8560003B4C6 /* QuartzCore.framework */,
				887EE94514D8DC2D00AB0A92 /* UIKit.framework */,
				887EE94714D8DC2D00AB0A92 /* Foundation.framework */,
				887EE94914D8DC2D00AB0A92 /* CoreGraphics.framework */,
			);
			name = Frameworks;
			sourceTree = "<group>";
		};
		887EE94B14D8DC2D00AB0A92 /* JCTiledViewDemo */ = {
			isa = PBXGroup;
			children = (
				154B31081F7CDBC000DDD98D /* Main.storyboard */,
				154B310A1F7CF0B500DDD98D /* RootViewController.swift */,
				154B30FB1F7CD4E200DDD98D /* DemoAnnotationView.swift */,
				154B30E91F7CC6B800DDD98D /* DemoAnnotation.swift */,
				154B30FD1F7CD5B700DDD98D /* UIView+Extensions.swift */,
				887EE94C14D8DC2D00AB0A92 /* Supporting Files */,
			);
			path = JCTiledViewDemo;
			sourceTree = "<group>";
		};
		887EE94C14D8DC2D00AB0A92 /* Supporting Files */ = {
			isa = PBXGroup;
			children = (
				154B31041F7CD84F00DDD98D /* AppDelegate.swift */,
				154B31061F7CD88300DDD98D /* LaunchScreen.storyboard */,
				888630DD172938C600F8E5D4 /* Default-568h@2x.png */,
				88DCC88214F3BEF800B206F5 /* Map.pdf */,
				88197C0F1558C251005EF22F /* marker-red.png */,
				8809DC4C14D8E44A0003B4C6 /* tiles */,
				88CD1A3714E2007F00B54AF0 /* Icon-72.png */,
				88CD1A3814E2007F00B54AF0 /* Icon.png */,
				88CD1A3914E2007F00B54AF0 /* Icon@2x.png */,
				887EE94D14D8DC2D00AB0A92 /* JCTiledViewDemo-Info.plist */,
				887EE94E14D8DC2D00AB0A92 /* InfoPlist.strings */,
				887EE95314D8DC2D00AB0A92 /* JCTiledViewDemo-Prefix.pch */,
			);
			name = "Supporting Files";
			sourceTree = "<group>";
		};
		88AFB19B15DF75F2003BD3AB /* Products */ = {
			isa = PBXGroup;
			children = (
				88AFB19F15DF75F3003BD3AB /* libJCTiledScrollView.a */,
			);
			name = Products;
			sourceTree = "<group>";
		};
/* End PBXGroup section */

/* Begin PBXNativeTarget section */
		887EE94014D8DC2D00AB0A92 /* JCTiledViewDemo */ = {
			isa = PBXNativeTarget;
			buildConfigurationList = 887EE95914D8DC2D00AB0A92 /* Build configuration list for PBXNativeTarget "JCTiledViewDemo" */;
			buildPhases = (
				887EE93D14D8DC2D00AB0A92 /* Sources */,
				887EE93E14D8DC2D00AB0A92 /* Frameworks */,
				887EE93F14D8DC2D00AB0A92 /* Resources */,
			);
			buildRules = (
			);
			dependencies = (
				88AFB1A115DF75FD003BD3AB /* PBXTargetDependency */,
			);
			name = JCTiledViewDemo;
			productName = JCTiledViewDemo;
			productReference = 887EE94114D8DC2D00AB0A92 /* JCTiledViewDemo.app */;
			productType = "com.apple.product-type.application";
		};
/* End PBXNativeTarget section */

/* Begin PBXProject section */
		887EE93814D8DC2D00AB0A92 /* Project object */ = {
			isa = PBXProject;
			attributes = {
				LastUpgradeCheck = 0900;
				ORGANIZATIONNAME = "JC Multimedia Design";
				TargetAttributes = {
					887EE94014D8DC2D00AB0A92 = {
						LastSwiftMigration = 0900;
					};
				};
			};
			buildConfigurationList = 887EE93B14D8DC2D00AB0A92 /* Build configuration list for PBXProject "JCTiledViewDemo" */;
			compatibilityVersion = "Xcode 3.2";
			developmentRegion = English;
			hasScannedForEncodings = 0;
			knownRegions = (
				en,
			);
			mainGroup = 887EE93614D8DC2D00AB0A92;
			productRefGroup = 887EE94214D8DC2D00AB0A92 /* Products */;
			projectDirPath = "";
			projectReferences = (
				{
					ProductGroup = 88AFB19B15DF75F2003BD3AB /* Products */;
					ProjectRef = 88AFB19A15DF75F2003BD3AB /* JCTiledScrollView.xcodeproj */;
				},
			);
			projectRoot = "";
			targets = (
				887EE94014D8DC2D00AB0A92 /* JCTiledViewDemo */,
			);
		};
/* End PBXProject section */

/* Begin PBXReferenceProxy section */
		88AFB19F15DF75F3003BD3AB /* libJCTiledScrollView.a */ = {
			isa = PBXReferenceProxy;
			fileType = archive.ar;
			path = libJCTiledScrollView.a;
			remoteRef = 88AFB19E15DF75F3003BD3AB /* PBXContainerItemProxy */;
			sourceTree = BUILT_PRODUCTS_DIR;
		};
/* End PBXReferenceProxy section */

/* Begin PBXResourcesBuildPhase section */
		887EE93F14D8DC2D00AB0A92 /* Resources */ = {
			isa = PBXResourcesBuildPhase;
			buildActionMask = 2147483647;
			files = (
				154B31071F7CD88300DDD98D /* LaunchScreen.storyboard in Resources */,
				154B31091F7CDBC000DDD98D /* Main.storyboard in Resources */,
				887EE95014D8DC2D00AB0A92 /* InfoPlist.strings in Resources */,
				8809DC4D14D8E44A0003B4C6 /* tiles in Resources */,
				88CD1A3A14E2007F00B54AF0 /* Icon-72.png in Resources */,
				88CD1A3B14E2007F00B54AF0 /* Icon.png in Resources */,
				88CD1A3C14E2007F00B54AF0 /* Icon@2x.png in Resources */,
				88DCC88314F3BEF800B206F5 /* Map.pdf in Resources */,
				88197C101558C251005EF22F /* marker-red.png in Resources */,
				888630DE172938C600F8E5D4 /* Default-568h@2x.png in Resources */,
			);
			runOnlyForDeploymentPostprocessing = 0;
		};
/* End PBXResourcesBuildPhase section */

/* Begin PBXSourcesBuildPhase section */
		887EE93D14D8DC2D00AB0A92 /* Sources */ = {
			isa = PBXSourcesBuildPhase;
			buildActionMask = 2147483647;
			files = (
				154B310B1F7CF0B500DDD98D /* RootViewController.swift in Sources */,
				154B31051F7CD84F00DDD98D /* AppDelegate.swift in Sources */,
				154B30FC1F7CD4E200DDD98D /* DemoAnnotationView.swift in Sources */,
				154B30EA1F7CC6B800DDD98D /* DemoAnnotation.swift in Sources */,
				154B30FE1F7CD5B700DDD98D /* UIView+Extensions.swift in Sources */,
			);
			runOnlyForDeploymentPostprocessing = 0;
		};
/* End PBXSourcesBuildPhase section */

/* Begin PBXTargetDependency section */
		88AFB1A115DF75FD003BD3AB /* PBXTargetDependency */ = {
			isa = PBXTargetDependency;
			name = JCTiledScrollView;
			targetProxy = 88AFB1A015DF75FD003BD3AB /* PBXContainerItemProxy */;
		};
/* End PBXTargetDependency section */

/* Begin PBXVariantGroup section */
		887EE94E14D8DC2D00AB0A92 /* InfoPlist.strings */ = {
			isa = PBXVariantGroup;
			children = (
				887EE94F14D8DC2D00AB0A92 /* en */,
			);
			name = InfoPlist.strings;
			sourceTree = "<group>";
		};
/* End PBXVariantGroup section */

/* Begin XCBuildConfiguration section */
		887EE95714D8DC2D00AB0A92 /* Debug */ = {
			isa = XCBuildConfiguration;
			buildSettings = {
				ALWAYS_SEARCH_USER_PATHS = NO;
				CLANG_ENABLE_OBJC_ARC = YES;
				CLANG_WARN_BLOCK_CAPTURE_AUTORELEASING = YES;
				CLANG_WARN_BOOL_CONVERSION = YES;
				CLANG_WARN_COMMA = YES;
				CLANG_WARN_CONSTANT_CONVERSION = YES;
				CLANG_WARN_EMPTY_BODY = YES;
				CLANG_WARN_ENUM_CONVERSION = YES;
				CLANG_WARN_INFINITE_RECURSION = YES;
				CLANG_WARN_INT_CONVERSION = YES;
				CLANG_WARN_NON_LITERAL_NULL_CONVERSION = YES;
				CLANG_WARN_OBJC_LITERAL_CONVERSION = YES;
				CLANG_WARN_RANGE_LOOP_ANALYSIS = YES;
				CLANG_WARN_STRICT_PROTOTYPES = YES;
				CLANG_WARN_SUSPICIOUS_MOVE = YES;
				CLANG_WARN_UNREACHABLE_CODE = YES;
				CLANG_WARN__DUPLICATE_METHOD_MATCH = YES;
				"CODE_SIGN_IDENTITY[sdk=iphoneos*]" = "iPhone Developer";
				COPY_PHASE_STRIP = NO;
				ENABLE_STRICT_OBJC_MSGSEND = YES;
				ENABLE_TESTABILITY = YES;
				GCC_C_LANGUAGE_STANDARD = gnu99;
				GCC_DYNAMIC_NO_PIC = NO;
				GCC_GENERATE_TEST_COVERAGE_FILES = YES;
				GCC_INSTRUMENT_PROGRAM_FLOW_ARCS = YES;
				GCC_NO_COMMON_BLOCKS = YES;
				GCC_OPTIMIZATION_LEVEL = 0;
				GCC_PREPROCESSOR_DEFINITIONS = (
					"DEBUG=1",
					"$(inherited)",
				);
				GCC_SYMBOLS_PRIVATE_EXTERN = NO;
				GCC_WARN_64_TO_32_BIT_CONVERSION = YES;
				GCC_WARN_ABOUT_MISSING_PROTOTYPES = YES;
				GCC_WARN_ABOUT_RETURN_TYPE = YES;
				GCC_WARN_UNDECLARED_SELECTOR = YES;
				GCC_WARN_UNINITIALIZED_AUTOS = YES;
				GCC_WARN_UNUSED_FUNCTION = YES;
				GCC_WARN_UNUSED_VARIABLE = YES;
				IPHONEOS_DEPLOYMENT_TARGET = 11.0;
				ONLY_ACTIVE_ARCH = YES;
				RUN_CLANG_STATIC_ANALYZER = YES;
				SDKROOT = iphoneos;
				TARGETED_DEVICE_FAMILY = "1,2";
			};
			name = Debug;
		};
		887EE95814D8DC2D00AB0A92 /* Release */ = {
			isa = XCBuildConfiguration;
			buildSettings = {
				ALWAYS_SEARCH_USER_PATHS = NO;
				CLANG_ENABLE_OBJC_ARC = YES;
				CLANG_WARN_BLOCK_CAPTURE_AUTORELEASING = YES;
				CLANG_WARN_BOOL_CONVERSION = YES;
				CLANG_WARN_COMMA = YES;
				CLANG_WARN_CONSTANT_CONVERSION = YES;
				CLANG_WARN_EMPTY_BODY = YES;
				CLANG_WARN_ENUM_CONVERSION = YES;
				CLANG_WARN_INFINITE_RECURSION = YES;
				CLANG_WARN_INT_CONVERSION = YES;
				CLANG_WARN_NON_LITERAL_NULL_CONVERSION = YES;
				CLANG_WARN_OBJC_LITERAL_CONVERSION = YES;
				CLANG_WARN_RANGE_LOOP_ANALYSIS = YES;
				CLANG_WARN_STRICT_PROTOTYPES = YES;
				CLANG_WARN_SUSPICIOUS_MOVE = YES;
				CLANG_WARN_UNREACHABLE_CODE = YES;
				CLANG_WARN__DUPLICATE_METHOD_MATCH = YES;
				"CODE_SIGN_IDENTITY[sdk=iphoneos*]" = "iPhone Developer";
				COPY_PHASE_STRIP = YES;
				ENABLE_STRICT_OBJC_MSGSEND = YES;
				GCC_C_LANGUAGE_STANDARD = gnu99;
				GCC_GENERATE_TEST_COVERAGE_FILES = YES;
				GCC_INSTRUMENT_PROGRAM_FLOW_ARCS = YES;
				GCC_NO_COMMON_BLOCKS = YES;
				GCC_WARN_64_TO_32_BIT_CONVERSION = YES;
				GCC_WARN_ABOUT_MISSING_PROTOTYPES = YES;
				GCC_WARN_ABOUT_RETURN_TYPE = YES;
				GCC_WARN_UNDECLARED_SELECTOR = YES;
				GCC_WARN_UNINITIALIZED_AUTOS = YES;
				GCC_WARN_UNUSED_FUNCTION = YES;
				GCC_WARN_UNUSED_VARIABLE = YES;
				IPHONEOS_DEPLOYMENT_TARGET = 11.0;
				OTHER_CFLAGS = "-DNS_BLOCK_ASSERTIONS=1";
				RUN_CLANG_STATIC_ANALYZER = YES;
				SDKROOT = iphoneos;
				TARGETED_DEVICE_FAMILY = "1,2";
				VALIDATE_PRODUCT = YES;
			};
			name = Release;
		};
		887EE95A14D8DC2D00AB0A92 /* Debug */ = {
			isa = XCBuildConfiguration;
			buildSettings = {
				CLANG_ENABLE_MODULES = YES;
				GCC_PRECOMPILE_PREFIX_HEADER = YES;
				GCC_PREFIX_HEADER = "JCTiledViewDemo/JCTiledViewDemo-Prefix.pch";
				GCC_PREPROCESSOR_DEFINITIONS = (
					"$(inherited)",
					ANNOTATE_TILES,
				);
				INFOPLIST_FILE = "JCTiledViewDemo/JCTiledViewDemo-Info.plist";
				LD_RUNPATH_SEARCH_PATHS = "$(inherited) @executable_path/Frameworks";
				LIBRARY_SEARCH_PATHS = (
					"$(BUILT_PRODUCTS_DIR)/include",
					"$(BUILT_PRODUCTS_DIR)",
				);
				ONLY_ACTIVE_ARCH = YES;
				PRODUCT_BUNDLE_IDENTIFIER = "com.jcmultimedia.jctiledview-demo";
				PRODUCT_NAME = JCTiledViewDemo;
				SWIFT_OPTIMIZATION_LEVEL = "-Onone";
				SWIFT_VERSION = 4.0;
				WRAPPER_EXTENSION = app;
			};
			name = Debug;
		};
		887EE95B14D8DC2D00AB0A92 /* Release */ = {
			isa = XCBuildConfiguration;
			buildSettings = {
				CLANG_ENABLE_MODULES = YES;
				GCC_PRECOMPILE_PREFIX_HEADER = YES;
				GCC_PREFIX_HEADER = "JCTiledViewDemo/JCTiledViewDemo-Prefix.pch";
				INFOPLIST_FILE = "JCTiledViewDemo/JCTiledViewDemo-Info.plist";
				LD_RUNPATH_SEARCH_PATHS = "$(inherited) @executable_path/Frameworks";
				LIBRARY_SEARCH_PATHS = (
					"$(BUILT_PRODUCTS_DIR)/include",
					"$(BUILT_PRODUCTS_DIR)",
				);
				ONLY_ACTIVE_ARCH = NO;
				PRODUCT_BUNDLE_IDENTIFIER = "com.jcmultimedia.jctiledview-demo";
				PRODUCT_NAME = JCTiledViewDemo;
				SWIFT_VERSION = 4.0;
				WRAPPER_EXTENSION = app;
			};
			name = Release;
		};
/* End XCBuildConfiguration section */

/* Begin XCConfigurationList section */
		887EE93B14D8DC2D00AB0A92 /* Build configuration list for PBXProject "JCTiledViewDemo" */ = {
			isa = XCConfigurationList;
			buildConfigurations = (
				887EE95714D8DC2D00AB0A92 /* Debug */,
				887EE95814D8DC2D00AB0A92 /* Release */,
			);
			defaultConfigurationIsVisible = 0;
			defaultConfigurationName = Release;
		};
		887EE95914D8DC2D00AB0A92 /* Build configuration list for PBXNativeTarget "JCTiledViewDemo" */ = {
			isa = XCConfigurationList;
			buildConfigurations = (
				887EE95A14D8DC2D00AB0A92 /* Debug */,
				887EE95B14D8DC2D00AB0A92 /* Release */,
			);
			defaultConfigurationIsVisible = 0;
			defaultConfigurationName = Release;
		};
/* End XCConfigurationList section */
	};
	rootObject = 887EE93814D8DC2D00AB0A92 /* Project object */;
}
